
Microsoft Visual Studio Solution File, Format Version 12.00
# Visual Studio 15
VisualStudioVersion = 15.0.27130.2024
MinimumVisualStudioVersion = 10.0.40219.1
Project("{9A19103F-16F7-4668-BE54-9A1E7A4F7556}") = "ConsoleApp", "ConsoleApp\ConsoleApp.csproj", "{4D7658F1-E27D-48F7-A152-F3737FDF2C45}"
EndProject
Project("{FAE04EC0-301F-11D3-BF4B-00C04F79EFBC}") = "DataProvider", "DataProvider\DataProvider.csproj", "{A6FD3939-29C6-4C80-85B5-9700174DDAE3}"
EndProject
Project("{FAE04EC0-301F-11D3-BF4B-00C04F79EFBC}") = "WebApi", "WebApi\WebApi.csproj", "{C49D9C18-9F85-454A-9BCB-D6F0E0821E23}"
EndProject
Global
	GlobalSection(SolutionConfigurationPlatforms) = preSolution
		Debug|Any CPU = Debug|Any CPU
		Release|Any CPU = Release|Any CPU
	EndGlobalSection
	GlobalSection(ProjectConfigurationPlatforms) = postSolution
		{4D7658F1-E27D-48F7-A152-F3737FDF2C45}.Debug|Any CPU.ActiveCfg = Debug|Any CPU
		{4D7658F1-E27D-48F7-A152-F3737FDF2C45}.Debug|Any CPU.Build.0 = Debug|Any CPU
		{4D7658F1-E27D-48F7-A152-F3737FDF2C45}.Release|Any CPU.ActiveCfg = Release|Any CPU
		{4D7658F1-E27D-48F7-A152-F3737FDF2C45}.Release|Any CPU.Build.0 = Release|Any CPU
		{A6FD3939-29C6-4C80-85B5-9700174DDAE3}.Debug|Any CPU.ActiveCfg = Debug|Any CPU
		{A6FD3939-29C6-4C80-85B5-9700174DDAE3}.Debug|Any CPU.Build.0 = Debug|Any CPU
		{A6FD3939-29C6-4C80-85B5-9700174DDAE3}.Release|Any CPU.ActiveCfg = Release|Any CPU
		{A6FD3939-29C6-4C80-85B5-9700174DDAE3}.Release|Any CPU.Build.0 = Release|Any CPU
		{C49D9C18-9F85-454A-9BCB-D6F0E0821E23}.Debug|Any CPU.ActiveCfg = Debug|Any CPU
		{C49D9C18-9F85-454A-9BCB-D6F0E0821E23}.Debug|Any CPU.Build.0 = Debug|Any CPU
		{C49D9C18-9F85-454A-9BCB-D6F0E0821E23}.Release|Any CPU.ActiveCfg = Release|Any CPU
		{C49D9C18-9F85-454A-9BCB-D6F0E0821E23}.Release|Any CPU.Build.0 = Release|Any CPU
	EndGlobalSection
	GlobalSection(SolutionProperties) = preSolution
		HideSolutionNode = FALSE
	EndGlobalSection
	GlobalSection(ExtensibilityGlobals) = postSolution
		SolutionGuid = {F68F38BF-A7EC-4E07-B17E-1E74BAC004E9}
	EndGlobalSection
EndGlobal
